
Microsoft Visual Studio Solution File, Format Version 12.00
# Visual Studio Version 16
VisualStudioVersion = 16.0.33529.622
MinimumVisualStudioVersion = 10.0.40219.1
Project("{FAE04EC0-301F-11D3-BF4B-00C04F79EFBC}") = "comparison", "comparison.csproj", "{2B17C5AC-8F97-4BCE-834A-D877C683E457}"
EndProject
Global
	GlobalSection(SolutionConfigurationPlatforms) = preSolution
		Debug|Any CPU = Debug|Any CPU
		Release|Any CPU = Release|Any CPU
	EndGlobalSection
	GlobalSection(ProjectConfigurationPlatforms) = postSolution
		{2B17C5AC-8F97-4BCE-834A-D877C683E457}.Debug|Any CPU.ActiveCfg = Debug|Any CPU
		{2B17C5AC-8F97-4BCE-834A-D877C683E457}.Debug|Any CPU.Build.0 = Debug|Any CPU
		{2B17C5AC-8F97-4BCE-834A-D877C683E457}.Release|Any CPU.ActiveCfg = Release|Any CPU
		{2B17C5AC-8F97-4BCE-834A-D877C683E457}.Release|Any CPU.Build.0 = Release|Any CPU
	EndGlobalSection
	GlobalSection(SolutionProperties) = preSolution
		HideSolutionNode = FALSE
	EndGlobalSection
	GlobalSection(ExtensibilityGlobals) = postSolution
		SolutionGuid = {4B8042AE-2360-49D3-84B5-50A9E0579C87}
	EndGlobalSection
EndGlobal
