
Microsoft Visual Studio Solution File, Format Version 12.00
# Visual Studio Version 16
VisualStudioVersion = 16.0.33529.622
MinimumVisualStudioVersion = 10.0.40219.1
Project("{FAE04EC0-301F-11D3-BF4B-00C04F79EFBC}") = "myConsoleProjects.cs", "myConsoleProjects.cs.csproj", "{B20197E9-1DD6-45ED-A15F-30C5924D71FD}"
EndProject
Global
	GlobalSection(SolutionConfigurationPlatforms) = preSolution
		Debug|Any CPU = Debug|Any CPU
		Release|Any CPU = Release|Any CPU
	EndGlobalSection
	GlobalSection(ProjectConfigurationPlatforms) = postSolution
		{B20197E9-1DD6-45ED-A15F-30C5924D71FD}.Debug|Any CPU.ActiveCfg = Debug|Any CPU
		{B20197E9-1DD6-45ED-A15F-30C5924D71FD}.Debug|Any CPU.Build.0 = Debug|Any CPU
		{B20197E9-1DD6-45ED-A15F-30C5924D71FD}.Release|Any CPU.ActiveCfg = Release|Any CPU
		{B20197E9-1DD6-45ED-A15F-30C5924D71FD}.Release|Any CPU.Build.0 = Release|Any CPU
	EndGlobalSection
	GlobalSection(SolutionProperties) = preSolution
		HideSolutionNode = FALSE
	EndGlobalSection
	GlobalSection(ExtensibilityGlobals) = postSolution
		SolutionGuid = {6A3B6B70-F3FE-4CBE-AB86-CA0883336486}
	EndGlobalSection
EndGlobal
